
Microsoft Visual Studio Solution File, Format Version 12.00
# Visual Studio Version 17
VisualStudioVersion = 17.1.32210.238
MinimumVisualStudioVersion = 10.0.40219.1
Project("{9A19103F-16F7-4668-BE54-9A1E7A4F7556}") = "FootballAPI", "FootBallAPI\FootballAPI.csproj", "{6E96E02A-EC78-4695-9283-77DB7D56ACC0}"
EndProject
Project("{FAE04EC0-301F-11D3-BF4B-00C04F79EFBC}") = "FootBallAPITestProject", "FootBallAPITestProject\FootBallAPITestProject.csproj", "{4F1C9F73-EB34-4E3D-ABB0-D1F805349540}"
EndProject
Global
	GlobalSection(SolutionConfigurationPlatforms) = preSolution
		Debug|Any CPU = Debug|Any CPU
		Release|Any CPU = Release|Any CPU
	EndGlobalSection
	GlobalSection(ProjectConfigurationPlatforms) = postSolution
		{6E96E02A-EC78-4695-9283-77DB7D56ACC0}.Debug|Any CPU.ActiveCfg = Debug|Any CPU
		{6E96E02A-EC78-4695-9283-77DB7D56ACC0}.Debug|Any CPU.Build.0 = Debug|Any CPU
		{6E96E02A-EC78-4695-9283-77DB7D56ACC0}.Release|Any CPU.ActiveCfg = Release|Any CPU
		{6E96E02A-EC78-4695-9283-77DB7D56ACC0}.Release|Any CPU.Build.0 = Release|Any CPU
		{4F1C9F73-EB34-4E3D-ABB0-D1F805349540}.Debug|Any CPU.ActiveCfg = Debug|Any CPU
		{4F1C9F73-EB34-4E3D-ABB0-D1F805349540}.Debug|Any CPU.Build.0 = Debug|Any CPU
		{4F1C9F73-EB34-4E3D-ABB0-D1F805349540}.Release|Any CPU.ActiveCfg = Release|Any CPU
		{4F1C9F73-EB34-4E3D-ABB0-D1F805349540}.Release|Any CPU.Build.0 = Release|Any CPU
	EndGlobalSection
	GlobalSection(SolutionProperties) = preSolution
		HideSolutionNode = FALSE
	EndGlobalSection
	GlobalSection(ExtensibilityGlobals) = postSolution
		SolutionGuid = {952AD699-9854-4998-B9D4-0F8C43C92981}
	EndGlobalSection
EndGlobal
